
Microsoft Visual Studio Solution File, Format Version 12.00
# Visual Studio Version 16
VisualStudioVersion = 16.0.33214.272
MinimumVisualStudioVersion = 10.0.40219.1
Project("{FAE04EC0-301F-11D3-BF4B-00C04F79EFBC}") = "Lomey_1", "Lomey_1\Lomey_1.csproj", "{88F608E8-6756-4D1F-B38E-EC40A9CBFDFE}"
EndProject
Global
	GlobalSection(SolutionConfigurationPlatforms) = preSolution
		Debug|Any CPU = Debug|Any CPU
		Release|Any CPU = Release|Any CPU
	EndGlobalSection
	GlobalSection(ProjectConfigurationPlatforms) = postSolution
		{88F608E8-6756-4D1F-B38E-EC40A9CBFDFE}.Debug|Any CPU.ActiveCfg = Debug|Any CPU
		{88F608E8-6756-4D1F-B38E-EC40A9CBFDFE}.Debug|Any CPU.Build.0 = Debug|Any CPU
		{88F608E8-6756-4D1F-B38E-EC40A9CBFDFE}.Release|Any CPU.ActiveCfg = Release|Any CPU
		{88F608E8-6756-4D1F-B38E-EC40A9CBFDFE}.Release|Any CPU.Build.0 = Release|Any CPU
	EndGlobalSection
	GlobalSection(SolutionProperties) = preSolution
		HideSolutionNode = FALSE
	EndGlobalSection
	GlobalSection(ExtensibilityGlobals) = postSolution
		SolutionGuid = {E294D308-93DA-482E-AE25-E2F64E35E4E7}
	EndGlobalSection
EndGlobal
